
Microsoft Visual Studio Solution File, Format Version 12.00
# Visual Studio 15
VisualStudioVersion = 15.0.26124.0
MinimumVisualStudioVersion = 15.0.26124.0
Project("{2150E333-8FDC-42A3-9474-1A3956D46DE8}") = "src", "src", "{1F042CAC-CA31-4B9F-B4EC-0571B26AB302}"
EndProject
Project("{FAE04EC0-301F-11D3-BF4B-00C04F79EFBC}") = "Phema.Configuration", "src\Phema.Configuration\Phema.Configuration.csproj", "{5FA2EBDE-907D-4E9C-A164-6BD24F37E761}"
EndProject
Project("{2150E333-8FDC-42A3-9474-1A3956D46DE8}") = "tests", "tests", "{79CF7141-2F01-4751-83B4-8F31847563D7}"
EndProject
Project("{FAE04EC0-301F-11D3-BF4B-00C04F79EFBC}") = "Phema.Configuration.Tests", "tests\Phema.Configuration.Tests\Phema.Configuration.Tests.csproj", "{3D89DCC1-4741-4524-B8E3-BF7AAAC775E0}"
EndProject
Project("{2150E333-8FDC-42A3-9474-1A3956D46DE8}") = "examples", "examples", "{25313F40-D7DD-4717-96D8-F50BFFB4E0B4}"
EndProject
Project("{FAE04EC0-301F-11D3-BF4B-00C04F79EFBC}") = "Phema.Configuration.Examples.AspNetCore", "examples\Phema.Configuration.Examples.AspNetCore\Phema.Configuration.Examples.AspNetCore.csproj", "{7E16A1CB-3C0B-4BDD-A357-BEF0C8E49962}"
EndProject
Project("{FAE04EC0-301F-11D3-BF4B-00C04F79EFBC}") = "Phema.Configuration.Examples.Hosting", "examples\Phema.Configuration.Examples.Hosting\Phema.Configuration.Examples.Hosting.csproj", "{D0B35002-316A-4A35-A733-5C54FED5C168}"
EndProject
Global
	GlobalSection(SolutionConfigurationPlatforms) = preSolution
		Debug|Any CPU = Debug|Any CPU
		Debug|x64 = Debug|x64
		Debug|x86 = Debug|x86
		Release|Any CPU = Release|Any CPU
		Release|x64 = Release|x64
		Release|x86 = Release|x86
	EndGlobalSection
	GlobalSection(SolutionProperties) = preSolution
		HideSolutionNode = FALSE
	EndGlobalSection
	GlobalSection(ProjectConfigurationPlatforms) = postSolution
		{5FA2EBDE-907D-4E9C-A164-6BD24F37E761}.Debug|Any CPU.ActiveCfg = Debug|Any CPU
		{5FA2EBDE-907D-4E9C-A164-6BD24F37E761}.Debug|Any CPU.Build.0 = Debug|Any CPU
		{5FA2EBDE-907D-4E9C-A164-6BD24F37E761}.Debug|x64.ActiveCfg = Debug|Any CPU
		{5FA2EBDE-907D-4E9C-A164-6BD24F37E761}.Debug|x64.Build.0 = Debug|Any CPU
		{5FA2EBDE-907D-4E9C-A164-6BD24F37E761}.Debug|x86.ActiveCfg = Debug|Any CPU
		{5FA2EBDE-907D-4E9C-A164-6BD24F37E761}.Debug|x86.Build.0 = Debug|Any CPU
		{5FA2EBDE-907D-4E9C-A164-6BD24F37E761}.Release|Any CPU.ActiveCfg = Release|Any CPU
		{5FA2EBDE-907D-4E9C-A164-6BD24F37E761}.Release|Any CPU.Build.0 = Release|Any CPU
		{5FA2EBDE-907D-4E9C-A164-6BD24F37E761}.Release|x64.ActiveCfg = Release|Any CPU
		{5FA2EBDE-907D-4E9C-A164-6BD24F37E761}.Release|x64.Build.0 = Release|Any CPU
		{5FA2EBDE-907D-4E9C-A164-6BD24F37E761}.Release|x86.ActiveCfg = Release|Any CPU
		{5FA2EBDE-907D-4E9C-A164-6BD24F37E761}.Release|x86.Build.0 = Release|Any CPU
		{3D89DCC1-4741-4524-B8E3-BF7AAAC775E0}.Debug|Any CPU.ActiveCfg = Debug|Any CPU
		{3D89DCC1-4741-4524-B8E3-BF7AAAC775E0}.Debug|Any CPU.Build.0 = Debug|Any CPU
		{3D89DCC1-4741-4524-B8E3-BF7AAAC775E0}.Debug|x64.ActiveCfg = Debug|Any CPU
		{3D89DCC1-4741-4524-B8E3-BF7AAAC775E0}.Debug|x64.Build.0 = Debug|Any CPU
		{3D89DCC1-4741-4524-B8E3-BF7AAAC775E0}.Debug|x86.ActiveCfg = Debug|Any CPU
		{3D89DCC1-4741-4524-B8E3-BF7AAAC775E0}.Debug|x86.Build.0 = Debug|Any CPU
		{3D89DCC1-4741-4524-B8E3-BF7AAAC775E0}.Release|Any CPU.ActiveCfg = Release|Any CPU
		{3D89DCC1-4741-4524-B8E3-BF7AAAC775E0}.Release|Any CPU.Build.0 = Release|Any CPU
		{3D89DCC1-4741-4524-B8E3-BF7AAAC775E0}.Release|x64.ActiveCfg = Release|Any CPU
		{3D89DCC1-4741-4524-B8E3-BF7AAAC775E0}.Release|x64.Build.0 = Release|Any CPU
		{3D89DCC1-4741-4524-B8E3-BF7AAAC775E0}.Release|x86.ActiveCfg = Release|Any CPU
		{3D89DCC1-4741-4524-B8E3-BF7AAAC775E0}.Release|x86.Build.0 = Release|Any CPU
		{7E16A1CB-3C0B-4BDD-A357-BEF0C8E49962}.Debug|Any CPU.ActiveCfg = Debug|Any CPU
		{7E16A1CB-3C0B-4BDD-A357-BEF0C8E49962}.Debug|Any CPU.Build.0 = Debug|Any CPU
		{7E16A1CB-3C0B-4BDD-A357-BEF0C8E49962}.Debug|x64.ActiveCfg = Debug|Any CPU
		{7E16A1CB-3C0B-4BDD-A357-BEF0C8E49962}.Debug|x64.Build.0 = Debug|Any CPU
		{7E16A1CB-3C0B-4BDD-A357-BEF0C8E49962}.Debug|x86.ActiveCfg = Debug|Any CPU
		{7E16A1CB-3C0B-4BDD-A357-BEF0C8E49962}.Debug|x86.Build.0 = Debug|Any CPU
		{7E16A1CB-3C0B-4BDD-A357-BEF0C8E49962}.Release|Any CPU.ActiveCfg = Release|Any CPU
		{7E16A1CB-3C0B-4BDD-A357-BEF0C8E49962}.Release|Any CPU.Build.0 = Release|Any CPU
		{7E16A1CB-3C0B-4BDD-A357-BEF0C8E49962}.Release|x64.ActiveCfg = Release|Any CPU
		{7E16A1CB-3C0B-4BDD-A357-BEF0C8E49962}.Release|x64.Build.0 = Release|Any CPU
		{7E16A1CB-3C0B-4BDD-A357-BEF0C8E49962}.Release|x86.ActiveCfg = Release|Any CPU
		{7E16A1CB-3C0B-4BDD-A357-BEF0C8E49962}.Release|x86.Build.0 = Release|Any CPU
		{D0B35002-316A-4A35-A733-5C54FED5C168}.Debug|Any CPU.ActiveCfg = Debug|Any CPU
		{D0B35002-316A-4A35-A733-5C54FED5C168}.Debug|Any CPU.Build.0 = Debug|Any CPU
		{D0B35002-316A-4A35-A733-5C54FED5C168}.Debug|x64.ActiveCfg = Debug|Any CPU
		{D0B35002-316A-4A35-A733-5C54FED5C168}.Debug|x64.Build.0 = Debug|Any CPU
		{D0B35002-316A-4A35-A733-5C54FED5C168}.Debug|x86.ActiveCfg = Debug|Any CPU
		{D0B35002-316A-4A35-A733-5C54FED5C168}.Debug|x86.Build.0 = Debug|Any CPU
		{D0B35002-316A-4A35-A733-5C54FED5C168}.Release|Any CPU.ActiveCfg = Release|Any CPU
		{D0B35002-316A-4A35-A733-5C54FED5C168}.Release|Any CPU.Build.0 = Release|Any CPU
		{D0B35002-316A-4A35-A733-5C54FED5C168}.Release|x64.ActiveCfg = Release|Any CPU
		{D0B35002-316A-4A35-A733-5C54FED5C168}.Release|x64.Build.0 = Release|Any CPU
		{D0B35002-316A-4A35-A733-5C54FED5C168}.Release|x86.ActiveCfg = Release|Any CPU
		{D0B35002-316A-4A35-A733-5C54FED5C168}.Release|x86.Build.0 = Release|Any CPU
	EndGlobalSection
	GlobalSection(NestedProjects) = preSolution
		{5FA2EBDE-907D-4E9C-A164-6BD24F37E761} = {1F042CAC-CA31-4B9F-B4EC-0571B26AB302}
		{3D89DCC1-4741-4524-B8E3-BF7AAAC775E0} = {79CF7141-2F01-4751-83B4-8F31847563D7}
		{7E16A1CB-3C0B-4BDD-A357-BEF0C8E49962} = {25313F40-D7DD-4717-96D8-F50BFFB4E0B4}
		{D0B35002-316A-4A35-A733-5C54FED5C168} = {25313F40-D7DD-4717-96D8-F50BFFB4E0B4}
	EndGlobalSection
EndGlobal
